{
  "name": "where-log-demo",
  "version": "1.0.0",
  "lockfileVersion": 3,
  "requires": true,
  "packages": {
    "": {
      "name": "where-log-demo",
      "version": "1.0.0",
      "dependencies": {
        "where-log": "file:.."
      }
    },
    "..": {
      "name": "where-log",
      "version": "0.2.0",
      "license": "MIT",
      "devDependencies": {
        "@types/node": "^24.0.15",
        "tsup": "^8.2.4",
        "typescript": "^5.5.4",
        "vitest": "^2.0.5"
      },
      "engines": {
        "node": ">=18"
      }
    },
    "node_modules/where-log": {
      "resolved": "..",
      "link": true
    }
  }
}
